{
  "requires": true,
  "lockfileVersion": 1,
  "dependencies": {
    "google-libphonenumber": {
      "version": "3.2.18",
      "resolved": "https://registry.npmjs.org/google-libphonenumber/-/google-libphonenumber-3.2.18.tgz",
      "integrity": "sha512-6u+PF7Nf6TXMUNekHxc7pO6iE9PI1n2/q+z80GzFckH5riSKn4K1EeFimA5UqHA4MpxgKHYsVpcj8YDq32ob9g=="
    }
  }
}
